<?xml version="1.0" encoding="utf-8"?>
<Project ToolsVersion="4.0" xmlns="http://schemas.microsoft.com/developer/msbuild/2003">
  <ItemGroup>
    <Filter Include="Shaders">
      <UniqueIdentifier>{EFAC8DF2-5B8C-0C8E-64A4-9764D00273EF}</UniqueIdentifier>
    </Filter>
    <Filter Include="src">
      <UniqueIdentifier>{2DAB880B-99B4-887C-2230-9F7C8E38947C}</UniqueIdentifier>
    </Filter>
    <Filter Include="src\Reyal">
      <UniqueIdentifier>{B959C1B3-25C4-752A-6E02-27D0DAAB537F}</UniqueIdentifier>
    </Filter>
    <Filter Include="src\Reyal\Core">
      <UniqueIdentifier>{B1798482-9D47-7888-86DB-E8AE724854ED}</UniqueIdentifier>
    </Filter>
    <Filter Include="src\Reyal\Events">
      <UniqueIdentifier>{7DBBAB3A-69B4-CA8C-92E6-AF117E3EAA98}</UniqueIdentifier>
    </Filter>
    <Filter Include="src\Reyal\Input">
      <UniqueIdentifier>{78B07FD3-E43B-ED97-ED4C-708C59574998}</UniqueIdentifier>
    </Filter>
    <Filter Include="src\Reyal\Layers">
      <UniqueIdentifier>{58A68E49-449F-AD9B-6DD1-922059298DA7}</UniqueIdentifier>
    </Filter>
    <Filter Include="src\Reyal\Platform">
      <UniqueIdentifier>{2D96A6B0-197A-6706-82DA-61596EDD5188}</UniqueIdentifier>
    </Filter>
    <Filter Include="src\Reyal\Platform\D3D11">
      <UniqueIdentifier>{D9DA49AF-C5FF-982F-EE4A-7EBFDACE974D}</UniqueIdentifier>
    </Filter>
    <Filter Include="src\Reyal\Renderer">
      <UniqueIdentifier>{7F9D838B-6B81-44E1-D4E1-3E34C0E42E63}</UniqueIdentifier>
    </Filter>
    <Filter Include="src\Reyal\Widgets">
      <UniqueIdentifier>{1F3252DB-8B48-5071-D4BF-DB92401521F9}</UniqueIdentifier>
    </Filter>
    <Filter Include="src\Reyal\Window">
      <UniqueIdentifier>{801CC263-6C15-E1B5-9547-C63A819FC0C1}</UniqueIdentifier>
    </Filter>
  </ItemGroup>
  <ItemGroup>
    <ClInclude Include="src\Reyal\Application.h">
      <Filter>src\Reyal</Filter>
    </ClInclude>
    <ClInclude Include="src\Reyal\Core\Queue.h">
      <Filter>src\Reyal\Core</Filter>
    </ClInclude>
    <ClInclude Include="src\Reyal\Core\ThreadPool.h">
      <Filter>src\Reyal\Core</Filter>
    </ClInclude>
    <ClInclude Include="src\Reyal\Core\Vec2.h">
      <Filter>src\Reyal\Core</Filter>
    </ClInclude>
    <ClInclude Include="src\Reyal\Core\ZRect.h">
      <Filter>src\Reyal\Core</Filter>
    </ClInclude>
    <ClInclude Include="src\Reyal\EntryPoint.h">
      <Filter>src\Reyal</Filter>
    </ClInclude>
    <ClInclude Include="src\Reyal\Events\ApplicationEvent.h">
      <Filter>src\Reyal\Events</Filter>
    </ClInclude>
    <ClInclude Include="src\Reyal\Events\Event.h">
      <Filter>src\Reyal\Events</Filter>
    </ClInclude>
    <ClInclude Include="src\Reyal\Events\KeyboardEvent.h">
      <Filter>src\Reyal\Events</Filter>
    </ClInclude>
    <ClInclude Include="src\Reyal\Events\MouseEvent.h">
      <Filter>src\Reyal\Events</Filter>
    </ClInclude>
    <ClInclude Include="src\Reyal\Exception.h">
      <Filter>src\Reyal</Filter>
    </ClInclude>
    <ClInclude Include="src\Reyal\Input\Keyboard.h">
      <Filter>src\Reyal\Input</Filter>
    </ClInclude>
    <ClInclude Include="src\Reyal\Input\Mouse.h">
      <Filter>src\Reyal\Input</Filter>
    </ClInclude>
    <ClInclude Include="src\Reyal\Layers\Layer.h">
      <Filter>src\Reyal\Layers</Filter>
    </ClInclude>
    <ClInclude Include="src\Reyal\Layers\LayerStack.h">
      <Filter>src\Reyal\Layers</Filter>
    </ClInclude>
    <ClInclude Include="src\Reyal\Reyal.h">
      <Filter>src\Reyal</Filter>
    </ClInclude>
    <ClInclude Include="src\Reyal\Widgets\ZWidget.h">
      <Filter>src\Reyal\Widgets</Filter>
    </ClInclude>
    <ClInclude Include="src\Reyal\Window\BaseWindow.h">
      <Filter>src\Reyal\Window</Filter>
    </ClInclude>
    <ClInclude Include="src\Reyal\Window\Window.h">
      <Filter>src\Reyal\Window</Filter>
    </ClInclude>
    <ClInclude Include="src\RlBase.h">
      <Filter>src</Filter>
    </ClInclude>
    <ClInclude Include="src\RlWin.h">
      <Filter>src</Filter>
    </ClInclude>
    <ClInclude Include="src\rlpch.h">
      <Filter>src</Filter>
    </ClInclude>
  </ItemGroup>
  <ItemGroup>
    <ClCompile Include="src\Reyal\Application.cpp">
      <Filter>src\Reyal</Filter>
    </ClCompile>
    <ClCompile Include="src\Reyal\Core\ThreadPool.cpp">
      <Filter>src\Reyal\Core</Filter>
    </ClCompile>
    <ClCompile Include="src\Reyal\Core\Vec2.cpp">
      <Filter>src\Reyal\Core</Filter>
    </ClCompile>
    <ClCompile Include="src\Reyal\Core\ZRect.cpp">
      <Filter>src\Reyal\Core</Filter>
    </ClCompile>
    <ClCompile Include="src\Reyal\Exception.cpp">
      <Filter>src\Reyal</Filter>
    </ClCompile>
    <ClCompile Include="src\Reyal\Input\Keyboard.cpp">
      <Filter>src\Reyal\Input</Filter>
    </ClCompile>
    <ClCompile Include="src\Reyal\Input\Mouse.cpp">
      <Filter>src\Reyal\Input</Filter>
    </ClCompile>
    <ClCompile Include="src\Reyal\Layers\Layer.cpp">
      <Filter>src\Reyal\Layers</Filter>
    </ClCompile>
    <ClCompile Include="src\Reyal\Layers\LayerStack.cpp">
      <Filter>src\Reyal\Layers</Filter>
    </ClCompile>
    <ClCompile Include="src\Reyal\Widgets\ZWidget.cpp">
      <Filter>src\Reyal\Widgets</Filter>
    </ClCompile>
    <ClCompile Include="src\Reyal\Window\Window.cpp">
      <Filter>src\Reyal\Window</Filter>
    </ClCompile>
    <ClCompile Include="src\rlpch.cpp">
      <Filter>src</Filter>
    </ClCompile>
  </ItemGroup>
  <ItemGroup>
    <FxCompile Include="Shaders\PixelShader-p.hlsl">
      <Filter>Shaders</Filter>
    </FxCompile>
    <FxCompile Include="Shaders\VertexShader-v.hlsl">
      <Filter>Shaders</Filter>
    </FxCompile>
  </ItemGroup>
</Project>