
Microsoft Visual Studio Solution File, Format Version 12.00
# Visual Studio Version 16
Project("{8BC9CEB8-8B4A-11D0-8D11-00A0C91BC942}") = "Zeal", "Zeal\Zeal.vcxproj", "{3124907C-1D5B-910D-C647-7710B25D0D0F}"
	ProjectSection(ProjectDependencies) = postProject
		{B41239C4-207D-ED3A-69BB-9EE0D564CB8F} = {B41239C4-207D-ED3A-69BB-9EE0D564CB8F}
		{51B35B4E-3D6B-9D9B-A672-76F79249388C} = {51B35B4E-3D6B-9D9B-A672-76F79249388C}
		{D3187D9D-BF7B-0C42-6801-45F85443D8C4} = {D3187D9D-BF7B-0C42-6801-45F85443D8C4}
	EndProjectSection
EndProject
Project("{2150E333-8FDC-42A3-9474-1A3956D46DE8}") = "ExtensionLayers", "ExtensionLayers", "{1983DD98-85EF-9893-4EE3-30F1BA0EBBFB}"
EndProject
Project("{8BC9CEB8-8B4A-11D0-8D11-00A0C91BC942}") = "ZealGUILayer", "ZealGUILayer\ZealGUILayer.vcxproj", "{D3187D9D-BF7B-0C42-6801-45F85443D8C4}"
	ProjectSection(ProjectDependencies) = postProject
		{B41239C4-207D-ED3A-69BB-9EE0D564CB8F} = {B41239C4-207D-ED3A-69BB-9EE0D564CB8F}
	EndProjectSection
EndProject
Project("{8BC9CEB8-8B4A-11D0-8D11-00A0C91BC942}") = "Reyal-GUI", "Reyal-GUI\Reyal-GUI.vcxproj", "{B41239C4-207D-ED3A-69BB-9EE0D564CB8F}"
	ProjectSection(ProjectDependencies) = postProject
		{51B35B4E-3D6B-9D9B-A672-76F79249388C} = {51B35B4E-3D6B-9D9B-A672-76F79249388C}
	EndProjectSection
EndProject
Project("{8BC9CEB8-8B4A-11D0-8D11-00A0C91BC942}") = "ZealLogger", "ZealLogger\ZealLogger.vcxproj", "{51B35B4E-3D6B-9D9B-A672-76F79249388C}"
EndProject
Global
	GlobalSection(SolutionConfigurationPlatforms) = preSolution
		Debug|Win32 = Debug|Win32
		Debug|x64 = Debug|x64
		Release|Win32 = Release|Win32
		Release|x64 = Release|x64
	EndGlobalSection
	GlobalSection(ProjectConfigurationPlatforms) = postSolution
		{3124907C-1D5B-910D-C647-7710B25D0D0F}.Debug|Win32.ActiveCfg = Debug|Win32
		{3124907C-1D5B-910D-C647-7710B25D0D0F}.Debug|Win32.Build.0 = Debug|Win32
		{3124907C-1D5B-910D-C647-7710B25D0D0F}.Debug|x64.ActiveCfg = Debug|x64
		{3124907C-1D5B-910D-C647-7710B25D0D0F}.Debug|x64.Build.0 = Debug|x64
		{3124907C-1D5B-910D-C647-7710B25D0D0F}.Release|Win32.ActiveCfg = Release|Win32
		{3124907C-1D5B-910D-C647-7710B25D0D0F}.Release|Win32.Build.0 = Release|Win32
		{3124907C-1D5B-910D-C647-7710B25D0D0F}.Release|x64.ActiveCfg = Release|x64
		{3124907C-1D5B-910D-C647-7710B25D0D0F}.Release|x64.Build.0 = Release|x64
		{D3187D9D-BF7B-0C42-6801-45F85443D8C4}.Debug|Win32.ActiveCfg = Debug|Win32
		{D3187D9D-BF7B-0C42-6801-45F85443D8C4}.Debug|Win32.Build.0 = Debug|Win32
		{D3187D9D-BF7B-0C42-6801-45F85443D8C4}.Debug|x64.ActiveCfg = Debug|x64
		{D3187D9D-BF7B-0C42-6801-45F85443D8C4}.Debug|x64.Build.0 = Debug|x64
		{D3187D9D-BF7B-0C42-6801-45F85443D8C4}.Release|Win32.ActiveCfg = Release|Win32
		{D3187D9D-BF7B-0C42-6801-45F85443D8C4}.Release|Win32.Build.0 = Release|Win32
		{D3187D9D-BF7B-0C42-6801-45F85443D8C4}.Release|x64.ActiveCfg = Release|x64
		{D3187D9D-BF7B-0C42-6801-45F85443D8C4}.Release|x64.Build.0 = Release|x64
		{B41239C4-207D-ED3A-69BB-9EE0D564CB8F}.Debug|Win32.ActiveCfg = Debug|Win32
		{B41239C4-207D-ED3A-69BB-9EE0D564CB8F}.Debug|Win32.Build.0 = Debug|Win32
		{B41239C4-207D-ED3A-69BB-9EE0D564CB8F}.Debug|x64.ActiveCfg = Debug|x64
		{B41239C4-207D-ED3A-69BB-9EE0D564CB8F}.Debug|x64.Build.0 = Debug|x64
		{B41239C4-207D-ED3A-69BB-9EE0D564CB8F}.Release|Win32.ActiveCfg = Release|Win32
		{B41239C4-207D-ED3A-69BB-9EE0D564CB8F}.Release|Win32.Build.0 = Release|Win32
		{B41239C4-207D-ED3A-69BB-9EE0D564CB8F}.Release|x64.ActiveCfg = Release|x64
		{B41239C4-207D-ED3A-69BB-9EE0D564CB8F}.Release|x64.Build.0 = Release|x64
		{51B35B4E-3D6B-9D9B-A672-76F79249388C}.Debug|Win32.ActiveCfg = Debug|Win32
		{51B35B4E-3D6B-9D9B-A672-76F79249388C}.Debug|Win32.Build.0 = Debug|Win32
		{51B35B4E-3D6B-9D9B-A672-76F79249388C}.Debug|x64.ActiveCfg = Debug|x64
		{51B35B4E-3D6B-9D9B-A672-76F79249388C}.Debug|x64.Build.0 = Debug|x64
		{51B35B4E-3D6B-9D9B-A672-76F79249388C}.Release|Win32.ActiveCfg = Release|Win32
		{51B35B4E-3D6B-9D9B-A672-76F79249388C}.Release|Win32.Build.0 = Release|Win32
		{51B35B4E-3D6B-9D9B-A672-76F79249388C}.Release|x64.ActiveCfg = Release|x64
		{51B35B4E-3D6B-9D9B-A672-76F79249388C}.Release|x64.Build.0 = Release|x64
	EndGlobalSection
	GlobalSection(SolutionProperties) = preSolution
		HideSolutionNode = FALSE
	EndGlobalSection
	GlobalSection(NestedProjects) = preSolution
		{D3187D9D-BF7B-0C42-6801-45F85443D8C4} = {1983DD98-85EF-9893-4EE3-30F1BA0EBBFB}
	EndGlobalSection
EndGlobal
