
Microsoft Visual Studio Solution File, Format Version 12.00
# Visual Studio Version 16
VisualStudioVersion = 16.0.30611.23
MinimumVisualStudioVersion = 10.0.40219.1
Project("{8BC9CEB8-8B4A-11D0-8D11-00A0C91BC942}") = "Zeal", "Zeal\Zeal.vcxproj", "{DDED4928-027F-4D09-9B78-01743F456635}"
	ProjectSection(ProjectDependencies) = postProject
		{07D62C35-CB78-4F34-ADE7-CB67DE81E8B8} = {07D62C35-CB78-4F34-ADE7-CB67DE81E8B8}
	EndProjectSection
EndProject
Project("{8BC9CEB8-8B4A-11D0-8D11-00A0C91BC942}") = "ZealLogger", "ZealLogger\ZealLogger.vcxproj", "{07D62C35-CB78-4F34-ADE7-CB67DE81E8B8}"
	ProjectSection(ProjectDependencies) = postProject
		{86347A05-60DE-478C-8D35-FB579CE3CB8B} = {86347A05-60DE-478C-8D35-FB579CE3CB8B}
	EndProjectSection
EndProject
Project("{8BC9CEB8-8B4A-11D0-8D11-00A0C91BC942}") = "InstrumentationTools", "InstrumentationTools\InstrumentationTools.vcxproj", "{DA94B9D5-60AF-4073-9A2B-E18B132B63B7}"
EndProject
Project("{8BC9CEB8-8B4A-11D0-8D11-00A0C91BC942}") = "Util", "Util\Util.vcxproj", "{86347A05-60DE-478C-8D35-FB579CE3CB8B}"
EndProject
Global
	GlobalSection(SolutionConfigurationPlatforms) = preSolution
		Debug|x64 = Debug|x64
		Debug|x86 = Debug|x86
		Release|x64 = Release|x64
		Release|x86 = Release|x86
	EndGlobalSection
	GlobalSection(ProjectConfigurationPlatforms) = postSolution
		{DDED4928-027F-4D09-9B78-01743F456635}.Debug|x64.ActiveCfg = Debug|x64
		{DDED4928-027F-4D09-9B78-01743F456635}.Debug|x64.Build.0 = Debug|x64
		{DDED4928-027F-4D09-9B78-01743F456635}.Debug|x86.ActiveCfg = Debug|Win32
		{DDED4928-027F-4D09-9B78-01743F456635}.Debug|x86.Build.0 = Debug|Win32
		{DDED4928-027F-4D09-9B78-01743F456635}.Release|x64.ActiveCfg = Release|x64
		{DDED4928-027F-4D09-9B78-01743F456635}.Release|x64.Build.0 = Release|x64
		{DDED4928-027F-4D09-9B78-01743F456635}.Release|x86.ActiveCfg = Release|Win32
		{DDED4928-027F-4D09-9B78-01743F456635}.Release|x86.Build.0 = Release|Win32
		{07D62C35-CB78-4F34-ADE7-CB67DE81E8B8}.Debug|x64.ActiveCfg = Debug|x64
		{07D62C35-CB78-4F34-ADE7-CB67DE81E8B8}.Debug|x64.Build.0 = Debug|x64
		{07D62C35-CB78-4F34-ADE7-CB67DE81E8B8}.Debug|x86.ActiveCfg = Debug|Win32
		{07D62C35-CB78-4F34-ADE7-CB67DE81E8B8}.Debug|x86.Build.0 = Debug|Win32
		{07D62C35-CB78-4F34-ADE7-CB67DE81E8B8}.Release|x64.ActiveCfg = Release|x64
		{07D62C35-CB78-4F34-ADE7-CB67DE81E8B8}.Release|x64.Build.0 = Release|x64
		{07D62C35-CB78-4F34-ADE7-CB67DE81E8B8}.Release|x86.ActiveCfg = Release|Win32
		{07D62C35-CB78-4F34-ADE7-CB67DE81E8B8}.Release|x86.Build.0 = Release|Win32
		{DA94B9D5-60AF-4073-9A2B-E18B132B63B7}.Debug|x64.ActiveCfg = Debug|x64
		{DA94B9D5-60AF-4073-9A2B-E18B132B63B7}.Debug|x64.Build.0 = Debug|x64
		{DA94B9D5-60AF-4073-9A2B-E18B132B63B7}.Debug|x86.ActiveCfg = Debug|Win32
		{DA94B9D5-60AF-4073-9A2B-E18B132B63B7}.Debug|x86.Build.0 = Debug|Win32
		{DA94B9D5-60AF-4073-9A2B-E18B132B63B7}.Release|x64.ActiveCfg = Release|x64
		{DA94B9D5-60AF-4073-9A2B-E18B132B63B7}.Release|x64.Build.0 = Release|x64
		{DA94B9D5-60AF-4073-9A2B-E18B132B63B7}.Release|x86.ActiveCfg = Release|Win32
		{DA94B9D5-60AF-4073-9A2B-E18B132B63B7}.Release|x86.Build.0 = Release|Win32
		{86347A05-60DE-478C-8D35-FB579CE3CB8B}.Debug|x64.ActiveCfg = Debug|x64
		{86347A05-60DE-478C-8D35-FB579CE3CB8B}.Debug|x64.Build.0 = Debug|x64
		{86347A05-60DE-478C-8D35-FB579CE3CB8B}.Debug|x86.ActiveCfg = Debug|Win32
		{86347A05-60DE-478C-8D35-FB579CE3CB8B}.Debug|x86.Build.0 = Debug|Win32
		{86347A05-60DE-478C-8D35-FB579CE3CB8B}.Release|x64.ActiveCfg = Release|x64
		{86347A05-60DE-478C-8D35-FB579CE3CB8B}.Release|x64.Build.0 = Release|x64
		{86347A05-60DE-478C-8D35-FB579CE3CB8B}.Release|x86.ActiveCfg = Release|Win32
		{86347A05-60DE-478C-8D35-FB579CE3CB8B}.Release|x86.Build.0 = Release|Win32
	EndGlobalSection
	GlobalSection(SolutionProperties) = preSolution
		HideSolutionNode = FALSE
	EndGlobalSection
	GlobalSection(ExtensibilityGlobals) = postSolution
		SolutionGuid = {D0FA6EFD-AF52-4C05-B052-5E7BDAAB3286}
	EndGlobalSection
EndGlobal
