<?xml version="1.0" encoding="utf-8"?>
<Project ToolsVersion="4.0" xmlns="http://schemas.microsoft.com/developer/msbuild/2003">
  <ItemGroup>
    <Filter Include="RlUtil">
      <UniqueIdentifier>{61F6F8CE-4D98-23A5-3653-37F92294AAF5}</UniqueIdentifier>
    </Filter>
  </ItemGroup>
  <ItemGroup>
    <ClInclude Include="src\RlUtil\CoreConfig.h">
      <Filter>RlUtil</Filter>
    </ClInclude>
    <ClInclude Include="src\RlUtil\Random.h">
      <Filter>RlUtil</Filter>
    </ClInclude>
    <ClInclude Include="src\RlUtil\Serialize.h">
      <Filter>RlUtil</Filter>
    </ClInclude>
    <ClInclude Include="src\RlUtil\TypeConvert.h">
      <Filter>RlUtil</Filter>
    </ClInclude>
    <ClInclude Include="src\utpch.h" />
  </ItemGroup>
  <ItemGroup>
    <ClCompile Include="src\RlUtil\Random.cpp">
      <Filter>RlUtil</Filter>
    </ClCompile>
    <ClCompile Include="src\RlUtil\TypeConvert.cpp">
      <Filter>RlUtil</Filter>
    </ClCompile>
    <ClCompile Include="src\utpch.cpp" />
  </ItemGroup>
</Project>