<?xml version="1.0" encoding="utf-8"?>
<Project ToolsVersion="4.0" xmlns="http://schemas.microsoft.com/developer/msbuild/2003">
  <ItemGroup>
    <Filter Include="ZealLogger">
      <UniqueIdentifier>{51B35B4E-3D6B-9D9B-A672-76F79249388C}</UniqueIdentifier>
    </Filter>
    <Filter Include="ZealLogger\Formatter">
      <UniqueIdentifier>{B4DF7D96-A06E-0760-498D-1B5B35FB1706}</UniqueIdentifier>
    </Filter>
    <Filter Include="ZealLogger\Loggers">
      <UniqueIdentifier>{73448D9C-5F28-4EF2-C888-4845B48B3874}</UniqueIdentifier>
    </Filter>
    <Filter Include="ZealLogger\Private">
      <UniqueIdentifier>{3B0BA2D7-27EF-622D-904F-5D807C524DAF}</UniqueIdentifier>
    </Filter>
    <Filter Include="ZealLogger\Util">
      <UniqueIdentifier>{3E8518CB-AA10-868F-B321-09841F2CE28F}</UniqueIdentifier>
    </Filter>
  </ItemGroup>
  <ItemGroup>
    <ClInclude Include="src\ZealLogger\Formatter\BracketFormatter.h">
      <Filter>ZealLogger\Formatter</Filter>
    </ClInclude>
    <ClInclude Include="src\ZealLogger\Formatter\DateTimeFormatter.h">
      <Filter>ZealLogger\Formatter</Filter>
    </ClInclude>
    <ClInclude Include="src\ZealLogger\Formatter\Formatter.h">
      <Filter>ZealLogger\Formatter</Filter>
    </ClInclude>
    <ClInclude Include="src\ZealLogger\Formatter\LogLevelFormatter.h">
      <Filter>ZealLogger\Formatter</Filter>
    </ClInclude>
    <ClInclude Include="src\ZealLogger\Formatter\NullTerminatorFormatter.h">
      <Filter>ZealLogger\Formatter</Filter>
    </ClInclude>
    <ClInclude Include="src\ZealLogger\Log.h">
      <Filter>ZealLogger</Filter>
    </ClInclude>
    <ClInclude Include="src\ZealLogger\LogConfigure.h">
      <Filter>ZealLogger</Filter>
    </ClInclude>
    <ClInclude Include="src\ZealLogger\Loggers\BaseLogger.h">
      <Filter>ZealLogger\Loggers</Filter>
    </ClInclude>
    <ClInclude Include="src\ZealLogger\Loggers\FileLogger.h">
      <Filter>ZealLogger\Loggers</Filter>
    </ClInclude>
    <ClInclude Include="src\ZealLogger\Private\LogLevel.h">
      <Filter>ZealLogger\Private</Filter>
    </ClInclude>
    <ClInclude Include="src\ZealLogger\Util\TypeConvert.h">
      <Filter>ZealLogger\Util</Filter>
    </ClInclude>
    <ClInclude Include="src\zlpch.h" />
  </ItemGroup>
  <ItemGroup>
    <ClCompile Include="src\ZealLogger\Util\TypeConvert.cpp">
      <Filter>ZealLogger\Util</Filter>
    </ClCompile>
    <ClCompile Include="src\zlpch.cpp" />
  </ItemGroup>
</Project>