<?xml version="1.0" encoding="utf-8"?>
<Project ToolsVersion="4.0" xmlns="http://schemas.microsoft.com/developer/msbuild/2003">
  <ItemGroup>
    <Filter Include="RlRender">
      <UniqueIdentifier>{83D20369-6F9F-5E74-98B8-4C1C84E49302}</UniqueIdentifier>
    </Filter>
    <Filter Include="RlRender\Platform">
      <UniqueIdentifier>{37928694-A3A8-842A-EC1F-104C587555B2}</UniqueIdentifier>
    </Filter>
    <Filter Include="RlRender\Platform\D3D11">
      <UniqueIdentifier>{6336FD13-CF6D-45AB-D877-A9CE442E6CA4}</UniqueIdentifier>
    </Filter>
  </ItemGroup>
  <ItemGroup>
    <ClInclude Include="src\RlRBase.h" />
    <ClInclude Include="src\RlRWin.h" />
    <ClInclude Include="src\RlRender\Platform\D3D11\D3D11RendererAPI.h">
      <Filter>RlRender\Platform\D3D11</Filter>
    </ClInclude>
    <ClInclude Include="src\RlRender\Renderer3D.h">
      <Filter>RlRender</Filter>
    </ClInclude>
    <ClInclude Include="src\RlRender\RendererAPI.h">
      <Filter>RlRender</Filter>
    </ClInclude>
    <ClInclude Include="src\RlRender\TypeDefines.h">
      <Filter>RlRender</Filter>
    </ClInclude>
    <ClInclude Include="src\rlrpch.h" />
  </ItemGroup>
  <ItemGroup>
    <ClCompile Include="src\RlRender\Platform\D3D11\D3D11RendererAPI.cpp">
      <Filter>RlRender\Platform\D3D11</Filter>
    </ClCompile>
    <ClCompile Include="src\RlRender\Renderer3D.cpp">
      <Filter>RlRender</Filter>
    </ClCompile>
    <ClCompile Include="src\RlRender\RendererAPI.cpp">
      <Filter>RlRender</Filter>
    </ClCompile>
    <ClCompile Include="src\rlrpch.cpp" />
  </ItemGroup>
</Project>