<?xml version="1.0" encoding="utf-8"?>
<Project ToolsVersion="4.0" xmlns="http://schemas.microsoft.com/developer/msbuild/2003">
  <ItemGroup>
    <Filter Include="ZlUtil">
      <UniqueIdentifier>{693BA2E1-55DD-CCB7-3E98-E00B2AD95308}</UniqueIdentifier>
    </Filter>
  </ItemGroup>
  <ItemGroup>
    <ClInclude Include="src\ZlUtil\Random.h">
      <Filter>ZlUtil</Filter>
    </ClInclude>
    <ClInclude Include="src\ZlUtil\Serialize.h">
      <Filter>ZlUtil</Filter>
    </ClInclude>
    <ClInclude Include="src\ZlUtil\TypeConvert.h">
      <Filter>ZlUtil</Filter>
    </ClInclude>
    <ClInclude Include="src\utpch.h" />
  </ItemGroup>
  <ItemGroup>
    <ClCompile Include="src\ZlUtil\Random.cpp">
      <Filter>ZlUtil</Filter>
    </ClCompile>
    <ClCompile Include="src\ZlUtil\TypeConvert.cpp">
      <Filter>ZlUtil</Filter>
    </ClCompile>
    <ClCompile Include="src\utpch.cpp" />
  </ItemGroup>
</Project>