<?xml version="1.0" encoding="utf-8"?>
<Project ToolsVersion="4.0" xmlns="http://schemas.microsoft.com/developer/msbuild/2003">
  <ItemGroup>
    <Filter Include="src">
      <UniqueIdentifier>{2DAB880B-99B4-887C-2230-9F7C8E38947C}</UniqueIdentifier>
    </Filter>
    <Filter Include="src\RlDebug">
      <UniqueIdentifier>{21CC15B6-8D81-8EAB-1676-8882822A85AF}</UniqueIdentifier>
    </Filter>
  </ItemGroup>
  <ItemGroup>
    <ClInclude Include="src\RlDBase.h">
      <Filter>src</Filter>
    </ClInclude>
    <ClInclude Include="src\RlDebug\Instrumentor.h">
      <Filter>src\RlDebug</Filter>
    </ClInclude>
    <ClInclude Include="src\RlDebug\ReyalLogger.h">
      <Filter>src\RlDebug</Filter>
    </ClInclude>
    <ClInclude Include="src\RlDebug\RlAssert.h">
      <Filter>src\RlDebug</Filter>
    </ClInclude>
    <ClInclude Include="src\rldpch.h">
      <Filter>src</Filter>
    </ClInclude>
  </ItemGroup>
  <ItemGroup>
    <ClCompile Include="src\RlDebug\Instrumentor.cpp">
      <Filter>src\RlDebug</Filter>
    </ClCompile>
    <ClCompile Include="src\RlDebug\ReyalLogger.cpp">
      <Filter>src\RlDebug</Filter>
    </ClCompile>
    <ClCompile Include="src\rldpch.cpp">
      <Filter>src</Filter>
    </ClCompile>
  </ItemGroup>
  <ItemGroup>
    <None Include="RlDebug.def" />
  </ItemGroup>
</Project>