<?xml version="1.0" encoding="utf-8"?>
<Project ToolsVersion="4.0" xmlns="http://schemas.microsoft.com/developer/msbuild/2003">
  <ItemGroup>
    <Filter Include="Formatter">
      <UniqueIdentifier>{B9F87C89-2563-3100-6EA1-E2A5DA4A0F55}</UniqueIdentifier>
    </Filter>
    <Filter Include="Loggers">
      <UniqueIdentifier>{385878E8-A437-F783-AD4F-825A19AE5DE5}</UniqueIdentifier>
    </Filter>
    <Filter Include="Private">
      <UniqueIdentifier>{001F8D23-6CFE-0BBF-7516-9795E1747220}</UniqueIdentifier>
    </Filter>
  </ItemGroup>
  <ItemGroup>
    <ClInclude Include="src\RlLogger\Formatter\BracketFormatter.h">
      <Filter>Formatter</Filter>
    </ClInclude>
    <ClInclude Include="src\RlLogger\Formatter\DateTimeFormatter.h">
      <Filter>Formatter</Filter>
    </ClInclude>
    <ClInclude Include="src\RlLogger\Formatter\Formatter.h">
      <Filter>Formatter</Filter>
    </ClInclude>
    <ClInclude Include="src\RlLogger\Formatter\LogLevelFormatter.h">
      <Filter>Formatter</Filter>
    </ClInclude>
    <ClInclude Include="src\RlLogger\Formatter\NullTerminatorFormatter.h">
      <Filter>Formatter</Filter>
    </ClInclude>
    <ClInclude Include="src\RlLogger\Log.h" />
    <ClInclude Include="src\RlLogger\LogConfigure.h" />
    <ClInclude Include="src\RlLogger\Loggers\BaseLogger.h">
      <Filter>Loggers</Filter>
    </ClInclude>
    <ClInclude Include="src\RlLogger\Loggers\FileLogger.h">
      <Filter>Loggers</Filter>
    </ClInclude>
    <ClInclude Include="src\RlLogger\Private\LogLevel.h">
      <Filter>Private</Filter>
    </ClInclude>
  </ItemGroup>
</Project>